
Microsoft Visual Studio Solution File, Format Version 12.00
# Visual Studio 15
VisualStudioVersion = 15.0.26730.3
MinimumVisualStudioVersion = 10.0.40219.1
Project("{FAE04EC0-301F-11D3-BF4B-00C04F79EFBC}") = "WindowsFormsApp1", "WindowsFormsApp1\WindowsFormsApp1.csproj", "{F22FA41A-4555-4EEE-845B-88A4C442E18C}"
EndProject
Global
	GlobalSection(SolutionConfigurationPlatforms) = preSolution
		Debug|Any CPU = Debug|Any CPU
		Release|Any CPU = Release|Any CPU
	EndGlobalSection
	GlobalSection(ProjectConfigurationPlatforms) = postSolution
		{F22FA41A-4555-4EEE-845B-88A4C442E18C}.Debug|Any CPU.ActiveCfg = Debug|Any CPU
		{F22FA41A-4555-4EEE-845B-88A4C442E18C}.Debug|Any CPU.Build.0 = Debug|Any CPU
		{F22FA41A-4555-4EEE-845B-88A4C442E18C}.Release|Any CPU.ActiveCfg = Release|Any CPU
		{F22FA41A-4555-4EEE-845B-88A4C442E18C}.Release|Any CPU.Build.0 = Release|Any CPU
	EndGlobalSection
	GlobalSection(SolutionProperties) = preSolution
		HideSolutionNode = FALSE
	EndGlobalSection
	GlobalSection(ExtensibilityGlobals) = postSolution
		SolutionGuid = {9FE2145C-8CBF-4A48-99D4-DD37016745E2}
	EndGlobalSection
EndGlobal
